// !$*UTF8*$!
{
	archiveVersion = 1;
	classes = {
	};
	objectVersion = 46;
	objects = {

/* Begin PBXBuildFile section */
		0D22119A1EAB65E70037E8F7 /* Presenter.swift in Sources */ = {isa = PBXBuildFile; fileRef = 0D2211991EAB65E70037E8F7 /* Presenter.swift */; };
		0D22119C1EAB65EC0037E8F7 /* View.swift in Sources */ = {isa = PBXBuildFile; fileRef = 0D22119B1EAB65EC0037E8F7 /* View.swift */; };
		0D22119E1EAB65F90037E8F7 /* DependencyInjector.swift in Sources */ = {isa = PBXBuildFile; fileRef = 0D22119D1EAB65F90037E8F7 /* DependencyInjector.swift */; };
		0D2211A21EAF74110037E8F7 /* ItemTableViewCell.swift in Sources */ = {isa = PBXBuildFile; fileRef = 0D2211A01EAF74110037E8F7 /* ItemTableViewCell.swift */; };
		0D2211A31EAF74110037E8F7 /* ItemTableViewCell.xib in Resources */ = {isa = PBXBuildFile; fileRef = 0D2211A11EAF74110037E8F7 /* ItemTableViewCell.xib */; };
		0D2211A51EAF77130037E8F7 /* ModelsFactory.swift in Sources */ = {isa = PBXBuildFile; fileRef = 0D2211A41EAF77130037E8F7 /* ModelsFactory.swift */; };
		0D35F2F31EDF117A007FA968 /* CustomTabBarController.swift in Sources */ = {isa = PBXBuildFile; fileRef = 0D35F2F21EDF117A007FA968 /* CustomTabBarController.swift */; };
		0D35F2F51EDF1183007FA968 /* CustomTabBar.swift in Sources */ = {isa = PBXBuildFile; fileRef = 0D35F2F41EDF1183007FA968 /* CustomTabBar.swift */; };
		0D35F2F71EDF118B007FA968 /* CustomTabBarItem.swift in Sources */ = {isa = PBXBuildFile; fileRef = 0D35F2F61EDF118B007FA968 /* CustomTabBarItem.swift */; };
		0D35F2F91EDF1194007FA968 /* CustomTabAnimatedTransitioning.swift in Sources */ = {isa = PBXBuildFile; fileRef = 0D35F2F81EDF1194007FA968 /* CustomTabAnimatedTransitioning.swift */; };
		0D7528591EB9DDED002919DD /* UserHeaderTableViewCell.swift in Sources */ = {isa = PBXBuildFile; fileRef = 0D7528571EB9DDED002919DD /* UserHeaderTableViewCell.swift */; };
		0D75285A1EB9DDED002919DD /* UserHeaderTableViewCell.xib in Resources */ = {isa = PBXBuildFile; fileRef = 0D7528581EB9DDED002919DD /* UserHeaderTableViewCell.xib */; };
		0D7528611EB9DE08002919DD /* UserButtonsTableViewCell.swift in Sources */ = {isa = PBXBuildFile; fileRef = 0D75285F1EB9DE08002919DD /* UserButtonsTableViewCell.swift */; };
		0D7528621EB9DE08002919DD /* UserButtonsTableViewCell.xib in Resources */ = {isa = PBXBuildFile; fileRef = 0D7528601EB9DE08002919DD /* UserButtonsTableViewCell.xib */; };
		0D7528641EB9E013002919DD /* UsersFactory.swift in Sources */ = {isa = PBXBuildFile; fileRef = 0D7528631EB9E013002919DD /* UsersFactory.swift */; };
		0D7528661EC5A792002919DD /* OperationsManager.swift in Sources */ = {isa = PBXBuildFile; fileRef = 0D7528651EC5A792002919DD /* OperationsManager.swift */; };
		0D9BE7381EDDD69B00A12D41 /* UserHeader.swift in Sources */ = {isa = PBXBuildFile; fileRef = 0D9BE7371EDDD69B00A12D41 /* UserHeader.swift */; };
		0D9BE73A1EDDD6AF00A12D41 /* UserButtons.swift in Sources */ = {isa = PBXBuildFile; fileRef = 0D9BE7391EDDD6AF00A12D41 /* UserButtons.swift */; };
		0D9BE73C1EDDD6BC00A12D41 /* UserItem.swift in Sources */ = {isa = PBXBuildFile; fileRef = 0D9BE73B1EDDD6BC00A12D41 /* UserItem.swift */; };
		0DD1175D1E9D66FD0010AD72 /* AppDelegate.swift in Sources */ = {isa = PBXBuildFile; fileRef = 0DD1175C1E9D66FD0010AD72 /* AppDelegate.swift */; };
		0DD1175F1E9D66FD0010AD72 /* MapViewController.swift in Sources */ = {isa = PBXBuildFile; fileRef = 0DD1175E1E9D66FD0010AD72 /* MapViewController.swift */; };
		0DD117621E9D66FD0010AD72 /* Main.storyboard in Resources */ = {isa = PBXBuildFile; fileRef = 0DD117601E9D66FD0010AD72 /* Main.storyboard */; };
		0DD117651E9D66FD0010AD72 /* LostAndFound.xcdatamodeld in Sources */ = {isa = PBXBuildFile; fileRef = 0DD117631E9D66FD0010AD72 /* LostAndFound.xcdatamodeld */; };
		0DD117671E9D66FD0010AD72 /* Assets.xcassets in Resources */ = {isa = PBXBuildFile; fileRef = 0DD117661E9D66FD0010AD72 /* Assets.xcassets */; };
		0DD1176A1E9D66FD0010AD72 /* LaunchScreen.storyboard in Resources */ = {isa = PBXBuildFile; fileRef = 0DD117681E9D66FD0010AD72 /* LaunchScreen.storyboard */; };
		0DD117741E9E72680010AD72 /* Map.storyboard in Resources */ = {isa = PBXBuildFile; fileRef = 0DD117731E9E72680010AD72 /* Map.storyboard */; };
		0DD117781E9E75CF0010AD72 /* Add.storyboard in Resources */ = {isa = PBXBuildFile; fileRef = 0DD117771E9E75CF0010AD72 /* Add.storyboard */; };
		0DD1177A1E9E76C50010AD72 /* Profile.storyboard in Resources */ = {isa = PBXBuildFile; fileRef = 0DD117791E9E76C50010AD72 /* Profile.storyboard */; };
		0DD1177C1E9E77000010AD72 /* Chat.storyboard in Resources */ = {isa = PBXBuildFile; fileRef = 0DD1177B1E9E77000010AD72 /* Chat.storyboard */; };
		0DD117831E9E78980010AD72 /* Item.swift in Sources */ = {isa = PBXBuildFile; fileRef = 0DD117821E9E78980010AD72 /* Item.swift */; };
		0DD117851E9E79A20010AD72 /* User.swift in Sources */ = {isa = PBXBuildFile; fileRef = 0DD117841E9E79A20010AD72 /* User.swift */; };
		0DD8EF671EA0C36800CF5774 /* UserPageViewController.swift in Sources */ = {isa = PBXBuildFile; fileRef = 0DD8EF661EA0C36800CF5774 /* UserPageViewController.swift */; };
		0DE6264A1EB115B800FECDF4 /* ChatViewController.swift in Sources */ = {isa = PBXBuildFile; fileRef = 0DE626491EB115B800FECDF4 /* ChatViewController.swift */; };
		0DE6264C1EB115CD00FECDF4 /* ChatPresenter.swift in Sources */ = {isa = PBXBuildFile; fileRef = 0DE6264B1EB115CD00FECDF4 /* ChatPresenter.swift */; };
		0DE6264E1EB115D800FECDF4 /* ChatOperation.swift in Sources */ = {isa = PBXBuildFile; fileRef = 0DE6264D1EB115D800FECDF4 /* ChatOperation.swift */; };
		0DE626501EB115EC00FECDF4 /* MapPresenter.swift in Sources */ = {isa = PBXBuildFile; fileRef = 0DE6264F1EB115EC00FECDF4 /* MapPresenter.swift */; };
		0DE626521EB115F400FECDF4 /* MapManager.swift in Sources */ = {isa = PBXBuildFile; fileRef = 0DE626511EB115F400FECDF4 /* MapManager.swift */; };
		0DE626541EB115FB00FECDF4 /* MapOperation.swift in Sources */ = {isa = PBXBuildFile; fileRef = 0DE626531EB115FB00FECDF4 /* MapOperation.swift */; };
		0DE626561EB1160800FECDF4 /* AddPresenter.swift in Sources */ = {isa = PBXBuildFile; fileRef = 0DE626551EB1160800FECDF4 /* AddPresenter.swift */; };
		0DE626581EB1160F00FECDF4 /* AddOperation.swift in Sources */ = {isa = PBXBuildFile; fileRef = 0DE626571EB1160F00FECDF4 /* AddOperation.swift */; };
		0DE6265A1EB1161500FECDF4 /* AddManager.swift in Sources */ = {isa = PBXBuildFile; fileRef = 0DE626591EB1161500FECDF4 /* AddManager.swift */; };
		0DE6265C1EB1162200FECDF4 /* UserManager.swift in Sources */ = {isa = PBXBuildFile; fileRef = 0DE6265B1EB1162200FECDF4 /* UserManager.swift */; };
		0DE6265E1EB1162800FECDF4 /* UserPresenter.swift in Sources */ = {isa = PBXBuildFile; fileRef = 0DE6265D1EB1162800FECDF4 /* UserPresenter.swift */; };
		0DE626601EB1162F00FECDF4 /* UserOperation.swift in Sources */ = {isa = PBXBuildFile; fileRef = 0DE6265F1EB1162F00FECDF4 /* UserOperation.swift */; };
		0DE626621EB1163600FECDF4 /* ChatManager.swift in Sources */ = {isa = PBXBuildFile; fileRef = 0DE626611EB1163600FECDF4 /* ChatManager.swift */; };
		0DE626661EB12B2500FECDF4 /* API_WRAPPER.swift in Sources */ = {isa = PBXBuildFile; fileRef = 0DE626651EB12B2500FECDF4 /* API_WRAPPER.swift */; };
		0DE626681EB133A900FECDF4 /* tableViewHeader.xib in Resources */ = {isa = PBXBuildFile; fileRef = 0DE626671EB133A900FECDF4 /* tableViewHeader.xib */; };
		0DE6266A1EB1366800FECDF4 /* tableViewHeader.swift in Sources */ = {isa = PBXBuildFile; fileRef = 0DE626691EB1366800FECDF4 /* tableViewHeader.swift */; };
		0DFB00C31EA772480040B2A9 /* MapTableView.xib in Resources */ = {isa = PBXBuildFile; fileRef = 0DFB00C21EA772480040B2A9 /* MapTableView.xib */; };
		0DFB00C51EA7728B0040B2A9 /* MapTableView.swift in Sources */ = {isa = PBXBuildFile; fileRef = 0DFB00C41EA7728B0040B2A9 /* MapTableView.swift */; };
		3D163A0D1EEB283A001B3285 /* LoginOperation.swift in Sources */ = {isa = PBXBuildFile; fileRef = 3D163A0C1EEB283A001B3285 /* LoginOperation.swift */; };
		3D163A0F1EEB284A001B3285 /* LoginManager.swift in Sources */ = {isa = PBXBuildFile; fileRef = 3D163A0E1EEB284A001B3285 /* LoginManager.swift */; };
		3D1CC3E01EC4A27900EDD9B5 /* ItemPhotoCollectionTableViewCell.swift in Sources */ = {isa = PBXBuildFile; fileRef = 3D1CC3DE1EC4A27900EDD9B5 /* ItemPhotoCollectionTableViewCell.swift */; };
		3D1CC3E81EC4A3FB00EDD9B5 /* ItemDescriptionTableViewCell.swift in Sources */ = {isa = PBXBuildFile; fileRef = 3D1CC3E61EC4A3FB00EDD9B5 /* ItemDescriptionTableViewCell.swift */; };
		3D1CC4101ECB894F00EDD9B5 /* ItemPresenter.swift in Sources */ = {isa = PBXBuildFile; fileRef = 3D1CC40F1ECB894F00EDD9B5 /* ItemPresenter.swift */; };
		3D1CC4151ECB944600EDD9B5 /* ItemPhotoCollectionModel.swift in Sources */ = {isa = PBXBuildFile; fileRef = 3D1CC4141ECB944600EDD9B5 /* ItemPhotoCollectionModel.swift */; };
		3D1CC4191ECB968800EDD9B5 /* ItemDescriptionModel.swift in Sources */ = {isa = PBXBuildFile; fileRef = 3D1CC4181ECB968700EDD9B5 /* ItemDescriptionModel.swift */; };
		3D1CC41A1ECCA5A700EDD9B5 /* ItemDescriptionTableViewCell.xib in Resources */ = {isa = PBXBuildFile; fileRef = 3D1CC3E71EC4A3FB00EDD9B5 /* ItemDescriptionTableViewCell.xib */; };
		3D1CC41B1ECCDD1700EDD9B5 /* ItemPhotoCollectionTableViewCell.xib in Resources */ = {isa = PBXBuildFile; fileRef = 3D1CC3DF1EC4A27900EDD9B5 /* ItemPhotoCollectionTableViewCell.xib */; };
		3D1CC41C1ECCDD1A00EDD9B5 /* ItemPhotoCollectionViewCell.xib in Resources */ = {isa = PBXBuildFile; fileRef = 3D1CC3E31EC4A33300EDD9B5 /* ItemPhotoCollectionViewCell.xib */; };
		3D1CC41E1ECCFA3700EDD9B5 /* ItemMapModel.swift in Sources */ = {isa = PBXBuildFile; fileRef = 3D1CC41D1ECCFA3700EDD9B5 /* ItemMapModel.swift */; };
		3D1CC41F1ECCFE4C00EDD9B5 /* ItemViewController.swift in Sources */ = {isa = PBXBuildFile; fileRef = 0D7528721ECB0FC4002919DD /* ItemViewController.swift */; };
		3D1CC4221ECE344E00EDD9B5 /* ItemHeaderModel.swift in Sources */ = {isa = PBXBuildFile; fileRef = 3D1CC4211ECE344E00EDD9B5 /* ItemHeaderModel.swift */; };
		3D1CC4241ECE371700EDD9B5 /* ItemContactsModel.swift in Sources */ = {isa = PBXBuildFile; fileRef = 3D1CC4231ECE371700EDD9B5 /* ItemContactsModel.swift */; };
		3D1CC4271ECE3DD600EDD9B5 /* ItemHeaderTableViewCell.swift in Sources */ = {isa = PBXBuildFile; fileRef = 3D1CC4251ECE3DD600EDD9B5 /* ItemHeaderTableViewCell.swift */; };
		3D1CC4281ECE3DD600EDD9B5 /* ItemHeaderTableViewCell.xib in Resources */ = {isa = PBXBuildFile; fileRef = 3D1CC4261ECE3DD600EDD9B5 /* ItemHeaderTableViewCell.xib */; };
		3D1CC42B1ECE402500EDD9B5 /* ItemContactsTableViewCell.swift in Sources */ = {isa = PBXBuildFile; fileRef = 3D1CC4291ECE402500EDD9B5 /* ItemContactsTableViewCell.swift */; };
		3D1CC42C1ECE402500EDD9B5 /* ItemContactsTableViewCell.xib in Resources */ = {isa = PBXBuildFile; fileRef = 3D1CC42A1ECE402500EDD9B5 /* ItemContactsTableViewCell.xib */; };
		3D1CC4301ECE509500EDD9B5 /* API_GEOCODER.swift in Sources */ = {isa = PBXBuildFile; fileRef = 3D1CC42F1ECE509500EDD9B5 /* API_GEOCODER.swift */; };
		3D1CC4331ECE523100EDD9B5 /* SetLocationOperation.swift in Sources */ = {isa = PBXBuildFile; fileRef = 3D1CC4321ECE523100EDD9B5 /* SetLocationOperation.swift */; };
		3D1CC4351ECE5CD300EDD9B5 /* Item.storyboard in Resources */ = {isa = PBXBuildFile; fileRef = 3D1CC4341ECE5CD300EDD9B5 /* Item.storyboard */; };
		3D1CC4391ECF084400EDD9B5 /* ChatTableViewCell.swift in Sources */ = {isa = PBXBuildFile; fileRef = 3D1CC4371ECF084400EDD9B5 /* ChatTableViewCell.swift */; };
		3D1CC43A1ECF084400EDD9B5 /* ChatTableViewCell.xib in Resources */ = {isa = PBXBuildFile; fileRef = 3D1CC4381ECF084400EDD9B5 /* ChatTableViewCell.xib */; };
		3D1CC43D1ECF0D9E00EDD9B5 /* ChatModel.swift in Sources */ = {isa = PBXBuildFile; fileRef = 3D1CC43C1ECF0D9E00EDD9B5 /* ChatModel.swift */; };
		3D1CC43F1ECF8BF400EDD9B5 /* Chat.swift in Sources */ = {isa = PBXBuildFile; fileRef = 3D1CC43E1ECF8BF400EDD9B5 /* Chat.swift */; };
		3D7D848C1EE09C12006EDBB2 /* ItemMapTableViewCell.swift in Sources */ = {isa = PBXBuildFile; fileRef = 3D7D848A1EE09C12006EDBB2 /* ItemMapTableViewCell.swift */; };
		3D7D848E1EE09C1D006EDBB2 /* ItemMapTableViewCell.xib in Resources */ = {isa = PBXBuildFile; fileRef = 3D7D848B1EE09C12006EDBB2 /* ItemMapTableViewCell.xib */; };
		3D7D84901EE0A6AB006EDBB2 /* GoogleService-Info.plist in Resources */ = {isa = PBXBuildFile; fileRef = 3D7D848F1EE0A6AB006EDBB2 /* GoogleService-Info.plist */; };
		3D7D84941EE0AD9D006EDBB2 /* LoginViewController.swift in Sources */ = {isa = PBXBuildFile; fileRef = 3D7D84931EE0AD9C006EDBB2 /* LoginViewController.swift */; };
		3DAA3D801EABBB0800824AAB /* AddItemViewController.swift in Sources */ = {isa = PBXBuildFile; fileRef = 3DAA3D7F1EABBB0800824AAB /* AddItemViewController.swift */; };
		3DAA3D821EAE870E00824AAB /* SetLocationMapController.swift in Sources */ = {isa = PBXBuildFile; fileRef = 3DAA3D811EAE870E00824AAB /* SetLocationMapController.swift */; };
		3DF13BCC1EBBEA1B00EF5EE7 /* SetLocationManager.swift in Sources */ = {isa = PBXBuildFile; fileRef = 3DF13BCB1EBBEA1B00EF5EE7 /* SetLocationManager.swift */; };
		3DF1FF631ED34B9E0014AEAF /* DialogViewController.swift in Sources */ = {isa = PBXBuildFile; fileRef = 3DF1FF621ED34B9E0014AEAF /* DialogViewController.swift */; };
		7D60BA26695041C3FBD5E1E9 /* Pods_LostAndFound.framework in Frameworks */ = {isa = PBXBuildFile; fileRef = 59F9D53CD94FCFF233308190 /* Pods_LostAndFound.framework */; };
/* End PBXBuildFile section */

/* Begin PBXFileReference section */
		0D2211991EAB65E70037E8F7 /* Presenter.swift */ = {isa = PBXFileReference; fileEncoding = 4; lastKnownFileType = sourcecode.swift; path = Presenter.swift; sourceTree = "<group>"; };
		0D22119B1EAB65EC0037E8F7 /* View.swift */ = {isa = PBXFileReference; fileEncoding = 4; lastKnownFileType = sourcecode.swift; path = View.swift; sourceTree = "<group>"; };
		0D22119D1EAB65F90037E8F7 /* DependencyInjector.swift */ = {isa = PBXFileReference; fileEncoding = 4; lastKnownFileType = sourcecode.swift; path = DependencyInjector.swift; sourceTree = "<group>"; };
		0D2211A01EAF74110037E8F7 /* ItemTableViewCell.swift */ = {isa = PBXFileReference; fileEncoding = 4; lastKnownFileType = sourcecode.swift; path = ItemTableViewCell.swift; sourceTree = "<group>"; };
		0D2211A11EAF74110037E8F7 /* ItemTableViewCell.xib */ = {isa = PBXFileReference; fileEncoding = 4; lastKnownFileType = file.xib; path = ItemTableViewCell.xib; sourceTree = "<group>"; };
		0D2211A41EAF77130037E8F7 /* ModelsFactory.swift */ = {isa = PBXFileReference; fileEncoding = 4; lastKnownFileType = sourcecode.swift; path = ModelsFactory.swift; sourceTree = "<group>"; };
		0D35F2F21EDF117A007FA968 /* CustomTabBarController.swift */ = {isa = PBXFileReference; fileEncoding = 4; lastKnownFileType = sourcecode.swift; path = CustomTabBarController.swift; sourceTree = "<group>"; };
		0D35F2F41EDF1183007FA968 /* CustomTabBar.swift */ = {isa = PBXFileReference; fileEncoding = 4; lastKnownFileType = sourcecode.swift; path = CustomTabBar.swift; sourceTree = "<group>"; };
		0D35F2F61EDF118B007FA968 /* CustomTabBarItem.swift */ = {isa = PBXFileReference; fileEncoding = 4; lastKnownFileType = sourcecode.swift; path = CustomTabBarItem.swift; sourceTree = "<group>"; };
		0D35F2F81EDF1194007FA968 /* CustomTabAnimatedTransitioning.swift */ = {isa = PBXFileReference; fileEncoding = 4; lastKnownFileType = sourcecode.swift; path = CustomTabAnimatedTransitioning.swift; sourceTree = "<group>"; };
		0D7528571EB9DDED002919DD /* UserHeaderTableViewCell.swift */ = {isa = PBXFileReference; fileEncoding = 4; lastKnownFileType = sourcecode.swift; path = UserHeaderTableViewCell.swift; sourceTree = "<group>"; };
		0D7528581EB9DDED002919DD /* UserHeaderTableViewCell.xib */ = {isa = PBXFileReference; fileEncoding = 4; lastKnownFileType = file.xib; path = UserHeaderTableViewCell.xib; sourceTree = "<group>"; };
		0D75285F1EB9DE08002919DD /* UserButtonsTableViewCell.swift */ = {isa = PBXFileReference; fileEncoding = 4; lastKnownFileType = sourcecode.swift; path = UserButtonsTableViewCell.swift; sourceTree = "<group>"; };
		0D7528601EB9DE08002919DD /* UserButtonsTableViewCell.xib */ = {isa = PBXFileReference; fileEncoding = 4; lastKnownFileType = file.xib; path = UserButtonsTableViewCell.xib; sourceTree = "<group>"; };
		0D7528631EB9E013002919DD /* UsersFactory.swift */ = {isa = PBXFileReference; fileEncoding = 4; lastKnownFileType = sourcecode.swift; path = UsersFactory.swift; sourceTree = "<group>"; };
		0D7528651EC5A792002919DD /* OperationsManager.swift */ = {isa = PBXFileReference; fileEncoding = 4; lastKnownFileType = sourcecode.swift; path = OperationsManager.swift; sourceTree = "<group>"; };
		0D7528721ECB0FC4002919DD /* ItemViewController.swift */ = {isa = PBXFileReference; fileEncoding = 4; lastKnownFileType = sourcecode.swift; path = ItemViewController.swift; sourceTree = "<group>"; };
		0D9BE7371EDDD69B00A12D41 /* UserHeader.swift */ = {isa = PBXFileReference; fileEncoding = 4; lastKnownFileType = sourcecode.swift; path = UserHeader.swift; sourceTree = "<group>"; };
		0D9BE7391EDDD6AF00A12D41 /* UserButtons.swift */ = {isa = PBXFileReference; fileEncoding = 4; lastKnownFileType = sourcecode.swift; path = UserButtons.swift; sourceTree = "<group>"; };
		0D9BE73B1EDDD6BC00A12D41 /* UserItem.swift */ = {isa = PBXFileReference; fileEncoding = 4; lastKnownFileType = sourcecode.swift; path = UserItem.swift; sourceTree = "<group>"; };
		0DD117591E9D66FD0010AD72 /* LostAndFound.app */ = {isa = PBXFileReference; explicitFileType = wrapper.application; includeInIndex = 0; path = LostAndFound.app; sourceTree = BUILT_PRODUCTS_DIR; };
		0DD1175C1E9D66FD0010AD72 /* AppDelegate.swift */ = {isa = PBXFileReference; lastKnownFileType = sourcecode.swift; path = AppDelegate.swift; sourceTree = "<group>"; };
		0DD1175E1E9D66FD0010AD72 /* MapViewController.swift */ = {isa = PBXFileReference; lastKnownFileType = sourcecode.swift; path = MapViewController.swift; sourceTree = "<group>"; };
		0DD117611E9D66FD0010AD72 /* Base */ = {isa = PBXFileReference; lastKnownFileType = file.storyboard; name = Base; path = Base.lproj/Main.storyboard; sourceTree = "<group>"; };
		0DD117641E9D66FD0010AD72 /* LostAndFound.xcdatamodel */ = {isa = PBXFileReference; lastKnownFileType = wrapper.xcdatamodel; path = LostAndFound.xcdatamodel; sourceTree = "<group>"; };
		0DD117661E9D66FD0010AD72 /* Assets.xcassets */ = {isa = PBXFileReference; lastKnownFileType = folder.assetcatalog; path = Assets.xcassets; sourceTree = "<group>"; };
		0DD117691E9D66FD0010AD72 /* Base */ = {isa = PBXFileReference; lastKnownFileType = file.storyboard; name = Base; path = Base.lproj/LaunchScreen.storyboard; sourceTree = "<group>"; };
		0DD1176B1E9D66FD0010AD72 /* Info.plist */ = {isa = PBXFileReference; lastKnownFileType = text.plist.xml; path = Info.plist; sourceTree = "<group>"; };
		0DD117731E9E72680010AD72 /* Map.storyboard */ = {isa = PBXFileReference; fileEncoding = 4; lastKnownFileType = file.storyboard; path = Map.storyboard; sourceTree = "<group>"; };
		0DD117771E9E75CF0010AD72 /* Add.storyboard */ = {isa = PBXFileReference; fileEncoding = 4; lastKnownFileType = file.storyboard; path = Add.storyboard; sourceTree = "<group>"; };
		0DD117791E9E76C50010AD72 /* Profile.storyboard */ = {isa = PBXFileReference; fileEncoding = 4; lastKnownFileType = file.storyboard; path = Profile.storyboard; sourceTree = "<group>"; };
		0DD1177B1E9E77000010AD72 /* Chat.storyboard */ = {isa = PBXFileReference; fileEncoding = 4; lastKnownFileType = file.storyboard; path = Chat.storyboard; sourceTree = "<group>"; };
		0DD117821E9E78980010AD72 /* Item.swift */ = {isa = PBXFileReference; fileEncoding = 4; lastKnownFileType = sourcecode.swift; path = Item.swift; sourceTree = "<group>"; };
		0DD117841E9E79A20010AD72 /* User.swift */ = {isa = PBXFileReference; fileEncoding = 4; lastKnownFileType = sourcecode.swift; path = User.swift; sourceTree = "<group>"; };
		0DD8EF661EA0C36800CF5774 /* UserPageViewController.swift */ = {isa = PBXFileReference; fileEncoding = 4; lastKnownFileType = sourcecode.swift; path = UserPageViewController.swift; sourceTree = "<group>"; };
		0DE626491EB115B800FECDF4 /* ChatViewController.swift */ = {isa = PBXFileReference; fileEncoding = 4; lastKnownFileType = sourcecode.swift; path = ChatViewController.swift; sourceTree = "<group>"; };
		0DE6264B1EB115CD00FECDF4 /* ChatPresenter.swift */ = {isa = PBXFileReference; fileEncoding = 4; lastKnownFileType = sourcecode.swift; path = ChatPresenter.swift; sourceTree = "<group>"; };
		0DE6264D1EB115D800FECDF4 /* ChatOperation.swift */ = {isa = PBXFileReference; fileEncoding = 4; lastKnownFileType = sourcecode.swift; path = ChatOperation.swift; sourceTree = "<group>"; };
		0DE6264F1EB115EC00FECDF4 /* MapPresenter.swift */ = {isa = PBXFileReference; fileEncoding = 4; lastKnownFileType = sourcecode.swift; path = MapPresenter.swift; sourceTree = "<group>"; };
		0DE626511EB115F400FECDF4 /* MapManager.swift */ = {isa = PBXFileReference; fileEncoding = 4; lastKnownFileType = sourcecode.swift; path = MapManager.swift; sourceTree = "<group>"; };
		0DE626531EB115FB00FECDF4 /* MapOperation.swift */ = {isa = PBXFileReference; fileEncoding = 4; lastKnownFileType = sourcecode.swift; path = MapOperation.swift; sourceTree = "<group>"; };
		0DE626551EB1160800FECDF4 /* AddPresenter.swift */ = {isa = PBXFileReference; fileEncoding = 4; lastKnownFileType = sourcecode.swift; path = AddPresenter.swift; sourceTree = "<group>"; };
		0DE626571EB1160F00FECDF4 /* AddOperation.swift */ = {isa = PBXFileReference; fileEncoding = 4; lastKnownFileType = sourcecode.swift; path = AddOperation.swift; sourceTree = "<group>"; };
		0DE626591EB1161500FECDF4 /* AddManager.swift */ = {isa = PBXFileReference; fileEncoding = 4; lastKnownFileType = sourcecode.swift; path = AddManager.swift; sourceTree = "<group>"; };
		0DE6265B1EB1162200FECDF4 /* UserManager.swift */ = {isa = PBXFileReference; fileEncoding = 4; lastKnownFileType = sourcecode.swift; path = UserManager.swift; sourceTree = "<group>"; };
		0DE6265D1EB1162800FECDF4 /* UserPresenter.swift */ = {isa = PBXFileReference; fileEncoding = 4; lastKnownFileType = sourcecode.swift; path = UserPresenter.swift; sourceTree = "<group>"; };
		0DE6265F1EB1162F00FECDF4 /* UserOperation.swift */ = {isa = PBXFileReference; fileEncoding = 4; lastKnownFileType = sourcecode.swift; path = UserOperation.swift; sourceTree = "<group>"; };
		0DE626611EB1163600FECDF4 /* ChatManager.swift */ = {isa = PBXFileReference; fileEncoding = 4; lastKnownFileType = sourcecode.swift; path = ChatManager.swift; sourceTree = "<group>"; };
		0DE626651EB12B2500FECDF4 /* API_WRAPPER.swift */ = {isa = PBXFileReference; fileEncoding = 4; lastKnownFileType = sourcecode.swift; path = API_WRAPPER.swift; sourceTree = "<group>"; };
		0DE626671EB133A900FECDF4 /* tableViewHeader.xib */ = {isa = PBXFileReference; fileEncoding = 4; lastKnownFileType = file.xib; path = tableViewHeader.xib; sourceTree = "<group>"; };
		0DE626691EB1366800FECDF4 /* tableViewHeader.swift */ = {isa = PBXFileReference; fileEncoding = 4; lastKnownFileType = sourcecode.swift; path = tableViewHeader.swift; sourceTree = "<group>"; };
		0DFB00C21EA772480040B2A9 /* MapTableView.xib */ = {isa = PBXFileReference; fileEncoding = 4; lastKnownFileType = file.xib; path = MapTableView.xib; sourceTree = "<group>"; };
		0DFB00C41EA7728B0040B2A9 /* MapTableView.swift */ = {isa = PBXFileReference; fileEncoding = 4; lastKnownFileType = sourcecode.swift; path = MapTableView.swift; sourceTree = "<group>"; };
		3D163A0C1EEB283A001B3285 /* LoginOperation.swift */ = {isa = PBXFileReference; fileEncoding = 4; lastKnownFileType = sourcecode.swift; path = LoginOperation.swift; sourceTree = "<group>"; };
		3D163A0E1EEB284A001B3285 /* LoginManager.swift */ = {isa = PBXFileReference; fileEncoding = 4; lastKnownFileType = sourcecode.swift; path = LoginManager.swift; sourceTree = "<group>"; };
		3D1CC3DE1EC4A27900EDD9B5 /* ItemPhotoCollectionTableViewCell.swift */ = {isa = PBXFileReference; fileEncoding = 4; lastKnownFileType = sourcecode.swift; path = ItemPhotoCollectionTableViewCell.swift; sourceTree = "<group>"; };
		3D1CC3DF1EC4A27900EDD9B5 /* ItemPhotoCollectionTableViewCell.xib */ = {isa = PBXFileReference; fileEncoding = 4; lastKnownFileType = file.xib; path = ItemPhotoCollectionTableViewCell.xib; sourceTree = "<group>"; };
		3D1CC3E31EC4A33300EDD9B5 /* ItemPhotoCollectionViewCell.xib */ = {isa = PBXFileReference; fileEncoding = 4; lastKnownFileType = file.xib; path = ItemPhotoCollectionViewCell.xib; sourceTree = "<group>"; };
		3D1CC3E61EC4A3FB00EDD9B5 /* ItemDescriptionTableViewCell.swift */ = {isa = PBXFileReference; fileEncoding = 4; lastKnownFileType = sourcecode.swift; path = ItemDescriptionTableViewCell.swift; sourceTree = "<group>"; };
		3D1CC3E71EC4A3FB00EDD9B5 /* ItemDescriptionTableViewCell.xib */ = {isa = PBXFileReference; fileEncoding = 4; lastKnownFileType = file.xib; path = ItemDescriptionTableViewCell.xib; sourceTree = "<group>"; };
		3D1CC40F1ECB894F00EDD9B5 /* ItemPresenter.swift */ = {isa = PBXFileReference; fileEncoding = 4; lastKnownFileType = sourcecode.swift; path = ItemPresenter.swift; sourceTree = "<group>"; };
		3D1CC4141ECB944600EDD9B5 /* ItemPhotoCollectionModel.swift */ = {isa = PBXFileReference; fileEncoding = 4; lastKnownFileType = sourcecode.swift; path = ItemPhotoCollectionModel.swift; sourceTree = "<group>"; };
		3D1CC4181ECB968700EDD9B5 /* ItemDescriptionModel.swift */ = {isa = PBXFileReference; fileEncoding = 4; lastKnownFileType = sourcecode.swift; path = ItemDescriptionModel.swift; sourceTree = "<group>"; };
		3D1CC41D1ECCFA3700EDD9B5 /* ItemMapModel.swift */ = {isa = PBXFileReference; fileEncoding = 4; lastKnownFileType = sourcecode.swift; path = ItemMapModel.swift; sourceTree = "<group>"; };
		3D1CC4211ECE344E00EDD9B5 /* ItemHeaderModel.swift */ = {isa = PBXFileReference; fileEncoding = 4; lastKnownFileType = sourcecode.swift; path = ItemHeaderModel.swift; sourceTree = "<group>"; };
		3D1CC4231ECE371700EDD9B5 /* ItemContactsModel.swift */ = {isa = PBXFileReference; fileEncoding = 4; lastKnownFileType = sourcecode.swift; path = ItemContactsModel.swift; sourceTree = "<group>"; };
		3D1CC4251ECE3DD600EDD9B5 /* ItemHeaderTableViewCell.swift */ = {isa = PBXFileReference; fileEncoding = 4; lastKnownFileType = sourcecode.swift; path = ItemHeaderTableViewCell.swift; sourceTree = "<group>"; };
		3D1CC4261ECE3DD600EDD9B5 /* ItemHeaderTableViewCell.xib */ = {isa = PBXFileReference; fileEncoding = 4; lastKnownFileType = file.xib; path = ItemHeaderTableViewCell.xib; sourceTree = "<group>"; };
		3D1CC4291ECE402500EDD9B5 /* ItemContactsTableViewCell.swift */ = {isa = PBXFileReference; fileEncoding = 4; lastKnownFileType = sourcecode.swift; path = ItemContactsTableViewCell.swift; sourceTree = "<group>"; };
		3D1CC42A1ECE402500EDD9B5 /* ItemContactsTableViewCell.xib */ = {isa = PBXFileReference; fileEncoding = 4; lastKnownFileType = file.xib; path = ItemContactsTableViewCell.xib; sourceTree = "<group>"; };
		3D1CC42F1ECE509500EDD9B5 /* API_GEOCODER.swift */ = {isa = PBXFileReference; fileEncoding = 4; lastKnownFileType = sourcecode.swift; path = API_GEOCODER.swift; sourceTree = "<group>"; };
		3D1CC4321ECE523100EDD9B5 /* SetLocationOperation.swift */ = {isa = PBXFileReference; fileEncoding = 4; lastKnownFileType = sourcecode.swift; path = SetLocationOperation.swift; sourceTree = "<group>"; };
		3D1CC4341ECE5CD300EDD9B5 /* Item.storyboard */ = {isa = PBXFileReference; fileEncoding = 4; lastKnownFileType = file.storyboard; path = Item.storyboard; sourceTree = "<group>"; };
		3D1CC4371ECF084400EDD9B5 /* ChatTableViewCell.swift */ = {isa = PBXFileReference; fileEncoding = 4; lastKnownFileType = sourcecode.swift; path = ChatTableViewCell.swift; sourceTree = "<group>"; };
		3D1CC4381ECF084400EDD9B5 /* ChatTableViewCell.xib */ = {isa = PBXFileReference; fileEncoding = 4; lastKnownFileType = file.xib; path = ChatTableViewCell.xib; sourceTree = "<group>"; };
		3D1CC43C1ECF0D9E00EDD9B5 /* ChatModel.swift */ = {isa = PBXFileReference; fileEncoding = 4; lastKnownFileType = sourcecode.swift; path = ChatModel.swift; sourceTree = "<group>"; };
		3D1CC43E1ECF8BF400EDD9B5 /* Chat.swift */ = {isa = PBXFileReference; fileEncoding = 4; lastKnownFileType = sourcecode.swift; path = Chat.swift; sourceTree = "<group>"; };
		3D7D848A1EE09C12006EDBB2 /* ItemMapTableViewCell.swift */ = {isa = PBXFileReference; fileEncoding = 4; lastKnownFileType = sourcecode.swift; path = ItemMapTableViewCell.swift; sourceTree = "<group>"; };
		3D7D848B1EE09C12006EDBB2 /* ItemMapTableViewCell.xib */ = {isa = PBXFileReference; fileEncoding = 4; lastKnownFileType = file.xib; path = ItemMapTableViewCell.xib; sourceTree = "<group>"; };
		3D7D848F1EE0A6AB006EDBB2 /* GoogleService-Info.plist */ = {isa = PBXFileReference; fileEncoding = 4; lastKnownFileType = text.plist.xml; path = "GoogleService-Info.plist"; sourceTree = "<group>"; };
		3D7D84911EE0ACE2006EDBB2 /* LostAndFound.entitlements */ = {isa = PBXFileReference; lastKnownFileType = text.plist.entitlements; path = LostAndFound.entitlements; sourceTree = "<group>"; };
		3D7D84931EE0AD9C006EDBB2 /* LoginViewController.swift */ = {isa = PBXFileReference; fileEncoding = 4; lastKnownFileType = sourcecode.swift; path = LoginViewController.swift; sourceTree = "<group>"; };
		3DAA3D7F1EABBB0800824AAB /* AddItemViewController.swift */ = {isa = PBXFileReference; fileEncoding = 4; lastKnownFileType = sourcecode.swift; path = AddItemViewController.swift; sourceTree = "<group>"; };
		3DAA3D811EAE870E00824AAB /* SetLocationMapController.swift */ = {isa = PBXFileReference; fileEncoding = 4; lastKnownFileType = sourcecode.swift; path = SetLocationMapController.swift; sourceTree = "<group>"; };
		3DF13BCB1EBBEA1B00EF5EE7 /* SetLocationManager.swift */ = {isa = PBXFileReference; fileEncoding = 4; lastKnownFileType = sourcecode.swift; path = SetLocationManager.swift; sourceTree = "<group>"; };
		3DF1FF621ED34B9E0014AEAF /* DialogViewController.swift */ = {isa = PBXFileReference; fileEncoding = 4; lastKnownFileType = sourcecode.swift; path = DialogViewController.swift; sourceTree = "<group>"; };
		437909965923B821F6FCCE68 /* Pods-LostAndFound.debug.xcconfig */ = {isa = PBXFileReference; includeInIndex = 1; lastKnownFileType = text.xcconfig; name = "Pods-LostAndFound.debug.xcconfig"; path = "Pods/Target Support Files/Pods-LostAndFound/Pods-LostAndFound.debug.xcconfig"; sourceTree = "<group>"; };
		59F9D53CD94FCFF233308190 /* Pods_LostAndFound.framework */ = {isa = PBXFileReference; explicitFileType = wrapper.framework; includeInIndex = 0; path = Pods_LostAndFound.framework; sourceTree = BUILT_PRODUCTS_DIR; };
		A9623B7E562E5B1BBDA43167 /* Pods-LostAndFound.release.xcconfig */ = {isa = PBXFileReference; includeInIndex = 1; lastKnownFileType = text.xcconfig; name = "Pods-LostAndFound.release.xcconfig"; path = "Pods/Target Support Files/Pods-LostAndFound/Pods-LostAndFound.release.xcconfig"; sourceTree = "<group>"; };
/* End PBXFileReference section */

/* Begin PBXFrameworksBuildPhase section */
		0DD117561E9D66FD0010AD72 /* Frameworks */ = {
			isa = PBXFrameworksBuildPhase;
			buildActionMask = 2147483647;
			files = (
				7D60BA26695041C3FBD5E1E9 /* Pods_LostAndFound.framework in Frameworks */,
			);
			runOnlyForDeploymentPostprocessing = 0;
		};
/* End PBXFrameworksBuildPhase section */

/* Begin PBXGroup section */
		0D2211981EAB656B0037E8F7 /* Protocols */ = {
			isa = PBXGroup;
			children = (
				0D2211991EAB65E70037E8F7 /* Presenter.swift */,
				0D22119B1EAB65EC0037E8F7 /* View.swift */,
				0D7528651EC5A792002919DD /* OperationsManager.swift */,
			);
			name = Protocols;
			sourceTree = "<group>";
		};
		0D22119F1EAF73ED0037E8F7 /* Map tableView Cells */ = {
			isa = PBXGroup;
			children = (
				0D2211A01EAF74110037E8F7 /* ItemTableViewCell.swift */,
				0D2211A11EAF74110037E8F7 /* ItemTableViewCell.xib */,
				0DE626691EB1366800FECDF4 /* tableViewHeader.swift */,
				0DE626671EB133A900FECDF4 /* tableViewHeader.xib */,
			);
			name = "Map tableView Cells";
			sourceTree = "<group>";
		};
		0D35F2F11EDF1162007FA968 /* Custom Tab Bar */ = {
			isa = PBXGroup;
			children = (
				0D35F2F21EDF117A007FA968 /* CustomTabBarController.swift */,
				0D35F2F41EDF1183007FA968 /* CustomTabBar.swift */,
				0D35F2F61EDF118B007FA968 /* CustomTabBarItem.swift */,
				0D35F2F81EDF1194007FA968 /* CustomTabAnimatedTransitioning.swift */,
			);
			name = "Custom Tab Bar";
			sourceTree = "<group>";
		};
		0D75281D1EB48254002919DD /* Сustom Cells */ = {
			isa = PBXGroup;
			children = (
				0D7528571EB9DDED002919DD /* UserHeaderTableViewCell.swift */,
				0D75285F1EB9DE08002919DD /* UserButtonsTableViewCell.swift */,
				0DF694FA1ED427130083868F /* XIBs */,
			);
			name = "Сustom Cells";
			sourceTree = "<group>";
		};
		0D7528711ECB0F9A002919DD /* Item */ = {
			isa = PBXGroup;
			children = (
				0D7528721ECB0FC4002919DD /* ItemViewController.swift */,
				3D1CC40F1ECB894F00EDD9B5 /* ItemPresenter.swift */,
				3D1CC4341ECE5CD300EDD9B5 /* Item.storyboard */,
				3D1CC3D91EC4A0A900EDD9B5 /* Item Cells */,
			);
			name = Item;
			sourceTree = "<group>";
		};
		0D9BE7361EDDD68D00A12D41 /* UserModels */ = {
			isa = PBXGroup;
			children = (
				0D9BE7371EDDD69B00A12D41 /* UserHeader.swift */,
				0D9BE7391EDDD6AF00A12D41 /* UserButtons.swift */,
				0D9BE73B1EDDD6BC00A12D41 /* UserItem.swift */,
			);
			name = UserModels;
			sourceTree = "<group>";
		};
		0DD117501E9D66FD0010AD72 = {
			isa = PBXGroup;
			children = (
				0DD1175B1E9D66FD0010AD72 /* LostAndFound */,
				0DD1175A1E9D66FD0010AD72 /* Products */,
				E4E9A524EA59046D39252572 /* Pods */,
				B1CC9D39BC0FBA1ED3B13407 /* Frameworks */,
			);
			sourceTree = "<group>";
		};
		0DD1175A1E9D66FD0010AD72 /* Products */ = {
			isa = PBXGroup;
			children = (
				0DD117591E9D66FD0010AD72 /* LostAndFound.app */,
			);
			name = Products;
			sourceTree = "<group>";
		};
		0DD1175B1E9D66FD0010AD72 /* LostAndFound */ = {
			isa = PBXGroup;
			children = (
				3D7D84911EE0ACE2006EDBB2 /* LostAndFound.entitlements */,
				3D7D84921EE0AD7A006EDBB2 /* Login */,
				0DE626641EB12B0500FECDF4 /* ApiWrapper */,
				0DE626481EB115A200FECDF4 /* Chat */,
				0D7528711ECB0F9A002919DD /* Item */,
				0DE626471EB1158900FECDF4 /* User */,
				0DE626461EB1156C00FECDF4 /* Add */,
				0DE626451EB1153F00FECDF4 /* Map */,
				0DE626631EB1167000FECDF4 /* DependencyInjector */,
				0D2211981EAB656B0037E8F7 /* Protocols */,
				0DD117811E9E78850010AD72 /* Models */,
				0DD1177D1E9E77820010AD72 /* Storyboards */,
				0DD1177E1E9E77950010AD72 /* System */,
				0DD117631E9D66FD0010AD72 /* LostAndFound.xcdatamodeld */,
			);
			path = LostAndFound;
			sourceTree = "<group>";
		};
		0DD1177D1E9E77820010AD72 /* Storyboards */ = {
			isa = PBXGroup;
			children = (
				0D35F2F11EDF1162007FA968 /* Custom Tab Bar */,
				0DD117601E9D66FD0010AD72 /* Main.storyboard */,
			);
			name = Storyboards;
			sourceTree = "<group>";
		};
		0DD1177E1E9E77950010AD72 /* System */ = {
			isa = PBXGroup;
			children = (
				0DD1175C1E9D66FD0010AD72 /* AppDelegate.swift */,
				0DD117661E9D66FD0010AD72 /* Assets.xcassets */,
				0DD117681E9D66FD0010AD72 /* LaunchScreen.storyboard */,
				0DD1176B1E9D66FD0010AD72 /* Info.plist */,
				3D7D848F1EE0A6AB006EDBB2 /* GoogleService-Info.plist */,
			);
			name = System;
			sourceTree = "<group>";
		};
		0DD117811E9E78850010AD72 /* Models */ = {
			isa = PBXGroup;
			children = (
				0D2211A41EAF77130037E8F7 /* ModelsFactory.swift */,
				0D7528631EB9E013002919DD /* UsersFactory.swift */,
				0DD117821E9E78980010AD72 /* Item.swift */,
				0DD117841E9E79A20010AD72 /* User.swift */,
				0D9BE7361EDDD68D00A12D41 /* UserModels */,
				3D1CC43B1ECF0D7900EDD9B5 /* ChatModels */,
				3D1CC4131ECB940500EDD9B5 /* ItemModels */,
			);
			name = Models;
			sourceTree = "<group>";
		};
		0DE626451EB1153F00FECDF4 /* Map */ = {
			isa = PBXGroup;
			children = (
				0DD1175E1E9D66FD0010AD72 /* MapViewController.swift */,
				0DFB00C41EA7728B0040B2A9 /* MapTableView.swift */,
				0DD117731E9E72680010AD72 /* Map.storyboard */,
				0DE6264F1EB115EC00FECDF4 /* MapPresenter.swift */,
				0DE626511EB115F400FECDF4 /* MapManager.swift */,
				0DE626531EB115FB00FECDF4 /* MapOperation.swift */,
				0DFB00C21EA772480040B2A9 /* MapTableView.xib */,
				0D22119F1EAF73ED0037E8F7 /* Map tableView Cells */,
			);
			name = Map;
			sourceTree = "<group>";
		};
		0DE626461EB1156C00FECDF4 /* Add */ = {
			isa = PBXGroup;
			children = (
				3DAA3D7F1EABBB0800824AAB /* AddItemViewController.swift */,
				0DE626551EB1160800FECDF4 /* AddPresenter.swift */,
				0DE626571EB1160F00FECDF4 /* AddOperation.swift */,
				0DE626591EB1161500FECDF4 /* AddManager.swift */,
				3DAA3D811EAE870E00824AAB /* SetLocationMapController.swift */,
				3D1CC4311ECE51C800EDD9B5 /* Internet */,
				0DD117771E9E75CF0010AD72 /* Add.storyboard */,
			);
			name = Add;
			sourceTree = "<group>";
		};
		0DE626471EB1158900FECDF4 /* User */ = {
			isa = PBXGroup;
			children = (
				0DD8EF661EA0C36800CF5774 /* UserPageViewController.swift */,
				0DD117791E9E76C50010AD72 /* Profile.storyboard */,
				0DE6265B1EB1162200FECDF4 /* UserManager.swift */,
				0DE6265D1EB1162800FECDF4 /* UserPresenter.swift */,
				0DE6265F1EB1162F00FECDF4 /* UserOperation.swift */,
				0D75281D1EB48254002919DD /* Сustom Cells */,
			);
			name = User;
			sourceTree = "<group>";
		};
		0DE626481EB115A200FECDF4 /* Chat */ = {
			isa = PBXGroup;
			children = (
				3DF1FF611ED34B840014AEAF /* Dialog */,
				0DE626491EB115B800FECDF4 /* ChatViewController.swift */,
				0DE6264B1EB115CD00FECDF4 /* ChatPresenter.swift */,
				0DE6264D1EB115D800FECDF4 /* ChatOperation.swift */,
				0DE626611EB1163600FECDF4 /* ChatManager.swift */,
				0DD1177B1E9E77000010AD72 /* Chat.storyboard */,
				3D1CC4361ECF050D00EDD9B5 /* Chat Cells */,
			);
			name = Chat;
			sourceTree = "<group>";
		};
		0DE626631EB1167000FECDF4 /* DependencyInjector */ = {
			isa = PBXGroup;
			children = (
				0D22119D1EAB65F90037E8F7 /* DependencyInjector.swift */,
			);
			name = DependencyInjector;
			sourceTree = "<group>";
		};
		0DE626641EB12B0500FECDF4 /* ApiWrapper */ = {
			isa = PBXGroup;
			children = (
				0DE626651EB12B2500FECDF4 /* API_WRAPPER.swift */,
				3D1CC42F1ECE509500EDD9B5 /* API_GEOCODER.swift */,
			);
			name = ApiWrapper;
			sourceTree = "<group>";
		};
		0DF694FA1ED427130083868F /* XIBs */ = {
			isa = PBXGroup;
			children = (
				0D7528581EB9DDED002919DD /* UserHeaderTableViewCell.xib */,
				0D7528601EB9DE08002919DD /* UserButtonsTableViewCell.xib */,
			);
			name = XIBs;
			sourceTree = "<group>";
		};
		3D1CC3D91EC4A0A900EDD9B5 /* Item Cells */ = {
			isa = PBXGroup;
			children = (
				3D1CC3DE1EC4A27900EDD9B5 /* ItemPhotoCollectionTableViewCell.swift */,
				3D1CC3DF1EC4A27900EDD9B5 /* ItemPhotoCollectionTableViewCell.xib */,
				3D1CC3E31EC4A33300EDD9B5 /* ItemPhotoCollectionViewCell.xib */,
				3D1CC4251ECE3DD600EDD9B5 /* ItemHeaderTableViewCell.swift */,
				3D1CC4261ECE3DD600EDD9B5 /* ItemHeaderTableViewCell.xib */,
				3D7D848A1EE09C12006EDBB2 /* ItemMapTableViewCell.swift */,
				3D7D848B1EE09C12006EDBB2 /* ItemMapTableViewCell.xib */,
				3D1CC3E61EC4A3FB00EDD9B5 /* ItemDescriptionTableViewCell.swift */,
				3D1CC3E71EC4A3FB00EDD9B5 /* ItemDescriptionTableViewCell.xib */,
				3D1CC4291ECE402500EDD9B5 /* ItemContactsTableViewCell.swift */,
				3D1CC42A1ECE402500EDD9B5 /* ItemContactsTableViewCell.xib */,
			);
			name = "Item Cells";
			sourceTree = "<group>";
		};
		3D1CC4131ECB940500EDD9B5 /* ItemModels */ = {
			isa = PBXGroup;
			children = (
				3D1CC4141ECB944600EDD9B5 /* ItemPhotoCollectionModel.swift */,
				3D1CC4211ECE344E00EDD9B5 /* ItemHeaderModel.swift */,
				3D1CC4181ECB968700EDD9B5 /* ItemDescriptionModel.swift */,
				3D1CC41D1ECCFA3700EDD9B5 /* ItemMapModel.swift */,
				3D1CC4231ECE371700EDD9B5 /* ItemContactsModel.swift */,
			);
			name = ItemModels;
			sourceTree = "<group>";
		};
		3D1CC4311ECE51C800EDD9B5 /* Internet */ = {
			isa = PBXGroup;
			children = (
				3DF13BCB1EBBEA1B00EF5EE7 /* SetLocationManager.swift */,
				3D1CC4321ECE523100EDD9B5 /* SetLocationOperation.swift */,
			);
			name = Internet;
			sourceTree = "<group>";
		};
		3D1CC4361ECF050D00EDD9B5 /* Chat Cells */ = {
			isa = PBXGroup;
			children = (
				3D1CC4371ECF084400EDD9B5 /* ChatTableViewCell.swift */,
				3D1CC4381ECF084400EDD9B5 /* ChatTableViewCell.xib */,
			);
			name = "Chat Cells";
			sourceTree = "<group>";
		};
		3D1CC43B1ECF0D7900EDD9B5 /* ChatModels */ = {
			isa = PBXGroup;
			children = (
				3D1CC43C1ECF0D9E00EDD9B5 /* ChatModel.swift */,
				3D1CC43E1ECF8BF400EDD9B5 /* Chat.swift */,
			);
			name = ChatModels;
			sourceTree = "<group>";
		};
		3D7D84921EE0AD7A006EDBB2 /* Login */ = {
			isa = PBXGroup;
			children = (
				3D7D84931EE0AD9C006EDBB2 /* LoginViewController.swift */,
				3D163A0C1EEB283A001B3285 /* LoginOperation.swift */,
				3D163A0E1EEB284A001B3285 /* LoginManager.swift */,
			);
			name = Login;
			sourceTree = "<group>";
		};
		3DF1FF611ED34B840014AEAF /* Dialog */ = {
			isa = PBXGroup;
			children = (
				3DF1FF621ED34B9E0014AEAF /* DialogViewController.swift */,
			);
			name = Dialog;
			sourceTree = "<group>";
		};
		B1CC9D39BC0FBA1ED3B13407 /* Frameworks */ = {
			isa = PBXGroup;
			children = (
				59F9D53CD94FCFF233308190 /* Pods_LostAndFound.framework */,
			);
			name = Frameworks;
			sourceTree = "<group>";
		};
		E4E9A524EA59046D39252572 /* Pods */ = {
			isa = PBXGroup;
			children = (
				437909965923B821F6FCCE68 /* Pods-LostAndFound.debug.xcconfig */,
				A9623B7E562E5B1BBDA43167 /* Pods-LostAndFound.release.xcconfig */,
			);
			name = Pods;
			sourceTree = "<group>";
		};
/* End PBXGroup section */

/* Begin PBXNativeTarget section */
		0DD117581E9D66FD0010AD72 /* LostAndFound */ = {
			isa = PBXNativeTarget;
			buildConfigurationList = 0DD1176E1E9D66FD0010AD72 /* Build configuration list for PBXNativeTarget "LostAndFound" */;
			buildPhases = (
				5A06C30A6A6D5B5231F4D0FA /* [CP] Check Pods Manifest.lock */,
				0DD117551E9D66FD0010AD72 /* Sources */,
				0DD117561E9D66FD0010AD72 /* Frameworks */,
				0DD117571E9D66FD0010AD72 /* Resources */,
				1F3FDE9EB97BFCEBE881D198 /* [CP] Embed Pods Frameworks */,
				3A4742D0D9507F3D5DAE2FA5 /* [CP] Copy Pods Resources */,
			);
			buildRules = (
			);
			dependencies = (
			);
			name = LostAndFound;
			productName = LostAndFound;
			productReference = 0DD117591E9D66FD0010AD72 /* LostAndFound.app */;
			productType = "com.apple.product-type.application";
		};
/* End PBXNativeTarget section */

/* Begin PBXProject section */
		0DD117511E9D66FD0010AD72 /* Project object */ = {
			isa = PBXProject;
			attributes = {
				LastSwiftUpdateCheck = 0820;
				LastUpgradeCheck = 0830;
				ORGANIZATIONNAME = "Иван";
				TargetAttributes = {
					0DD117581E9D66FD0010AD72 = {
						CreatedOnToolsVersion = 8.2.1;
						DevelopmentTeam = WP92F9M5L5;
						ProvisioningStyle = Automatic;
						SystemCapabilities = {
							com.apple.Keychain = {
								enabled = 1;
							};
						};
					};
				};
			};
			buildConfigurationList = 0DD117541E9D66FD0010AD72 /* Build configuration list for PBXProject "LostAndFound" */;
			compatibilityVersion = "Xcode 3.2";
			developmentRegion = English;
			hasScannedForEncodings = 0;
			knownRegions = (
				en,
				Base,
			);
			mainGroup = 0DD117501E9D66FD0010AD72;
			productRefGroup = 0DD1175A1E9D66FD0010AD72 /* Products */;
			projectDirPath = "";
			projectRoot = "";
			targets = (
				0DD117581E9D66FD0010AD72 /* LostAndFound */,
			);
		};
/* End PBXProject section */

/* Begin PBXResourcesBuildPhase section */
		0DD117571E9D66FD0010AD72 /* Resources */ = {
			isa = PBXResourcesBuildPhase;
			buildActionMask = 2147483647;
			files = (
				0DD1177C1E9E77000010AD72 /* Chat.storyboard in Resources */,
				0DFB00C31EA772480040B2A9 /* MapTableView.xib in Resources */,
				0D75285A1EB9DDED002919DD /* UserHeaderTableViewCell.xib in Resources */,
				0DD1176A1E9D66FD0010AD72 /* LaunchScreen.storyboard in Resources */,
				0DD117671E9D66FD0010AD72 /* Assets.xcassets in Resources */,
				0D7528621EB9DE08002919DD /* UserButtonsTableViewCell.xib in Resources */,
				0D2211A31EAF74110037E8F7 /* ItemTableViewCell.xib in Resources */,
				0DD117781E9E75CF0010AD72 /* Add.storyboard in Resources */,
				0DE626681EB133A900FECDF4 /* tableViewHeader.xib in Resources */,
				3D1CC41A1ECCA5A700EDD9B5 /* ItemDescriptionTableViewCell.xib in Resources */,
				0DD1177A1E9E76C50010AD72 /* Profile.storyboard in Resources */,
				3D1CC4351ECE5CD300EDD9B5 /* Item.storyboard in Resources */,
				3D1CC41C1ECCDD1A00EDD9B5 /* ItemPhotoCollectionViewCell.xib in Resources */,
				3D7D848E1EE09C1D006EDBB2 /* ItemMapTableViewCell.xib in Resources */,
				3D1CC41B1ECCDD1700EDD9B5 /* ItemPhotoCollectionTableViewCell.xib in Resources */,
				0DD117621E9D66FD0010AD72 /* Main.storyboard in Resources */,
				3D1CC4281ECE3DD600EDD9B5 /* ItemHeaderTableViewCell.xib in Resources */,
				3D1CC42C1ECE402500EDD9B5 /* ItemContactsTableViewCell.xib in Resources */,
				3D1CC43A1ECF084400EDD9B5 /* ChatTableViewCell.xib in Resources */,
				0DD117741E9E72680010AD72 /* Map.storyboard in Resources */,
				3D7D84901EE0A6AB006EDBB2 /* GoogleService-Info.plist in Resources */,
			);
			runOnlyForDeploymentPostprocessing = 0;
		};
/* End PBXResourcesBuildPhase section */

/* Begin PBXShellScriptBuildPhase section */
		1F3FDE9EB97BFCEBE881D198 /* [CP] Embed Pods Frameworks */ = {
			isa = PBXShellScriptBuildPhase;
			buildActionMask = 2147483647;
			files = (
			);
			inputPaths = (
			);
			name = "[CP] Embed Pods Frameworks";
			outputPaths = (
			);
			runOnlyForDeploymentPostprocessing = 0;
			shellPath = /bin/sh;
			shellScript = "\"${SRCROOT}/Pods/Target Support Files/Pods-LostAndFound/Pods-LostAndFound-frameworks.sh\"\n";
			showEnvVarsInLog = 0;
		};
		3A4742D0D9507F3D5DAE2FA5 /* [CP] Copy Pods Resources */ = {
			isa = PBXShellScriptBuildPhase;
			buildActionMask = 2147483647;
			files = (
			);
			inputPaths = (
			);
			name = "[CP] Copy Pods Resources";
			outputPaths = (
			);
			runOnlyForDeploymentPostprocessing = 0;
			shellPath = /bin/sh;
			shellScript = "\"${SRCROOT}/Pods/Target Support Files/Pods-LostAndFound/Pods-LostAndFound-resources.sh\"\n";
			showEnvVarsInLog = 0;
		};
		5A06C30A6A6D5B5231F4D0FA /* [CP] Check Pods Manifest.lock */ = {
			isa = PBXShellScriptBuildPhase;
			buildActionMask = 2147483647;
			files = (
			);
			inputPaths = (
			);
			name = "[CP] Check Pods Manifest.lock";
			outputPaths = (
			);
			runOnlyForDeploymentPostprocessing = 0;
			shellPath = /bin/sh;
			shellScript = "diff \"${PODS_ROOT}/../Podfile.lock\" \"${PODS_ROOT}/Manifest.lock\" > /dev/null\nif [ $? != 0 ] ; then\n    # print error to STDERR\n    echo \"error: The sandbox is not in sync with the Podfile.lock. Run 'pod install' or update your CocoaPods installation.\" >&2\n    exit 1\nfi\n";
			showEnvVarsInLog = 0;
		};
/* End PBXShellScriptBuildPhase section */

/* Begin PBXSourcesBuildPhase section */
		0DD117551E9D66FD0010AD72 /* Sources */ = {
			isa = PBXSourcesBuildPhase;
			buildActionMask = 2147483647;
			files = (
				0DE626661EB12B2500FECDF4 /* API_WRAPPER.swift in Sources */,
				3D1CC3E01EC4A27900EDD9B5 /* ItemPhotoCollectionTableViewCell.swift in Sources */,
				0DFB00C51EA7728B0040B2A9 /* MapTableView.swift in Sources */,
				0D22119A1EAB65E70037E8F7 /* Presenter.swift in Sources */,
				0D7528641EB9E013002919DD /* UsersFactory.swift in Sources */,
				3D7D848C1EE09C12006EDBB2 /* ItemMapTableViewCell.swift in Sources */,
				0DE626581EB1160F00FECDF4 /* AddOperation.swift in Sources */,
				0DD8EF671EA0C36800CF5774 /* UserPageViewController.swift in Sources */,
				3D1CC4391ECF084400EDD9B5 /* ChatTableViewCell.swift in Sources */,
				0DD117831E9E78980010AD72 /* Item.swift in Sources */,
				3D1CC3E81EC4A3FB00EDD9B5 /* ItemDescriptionTableViewCell.swift in Sources */,
				0DD1175F1E9D66FD0010AD72 /* MapViewController.swift in Sources */,
				0DE626561EB1160800FECDF4 /* AddPresenter.swift in Sources */,
				3D1CC41E1ECCFA3700EDD9B5 /* ItemMapModel.swift in Sources */,
				3D1CC43F1ECF8BF400EDD9B5 /* Chat.swift in Sources */,
				0D9BE73A1EDDD6AF00A12D41 /* UserButtons.swift in Sources */,
				0D35F2F71EDF118B007FA968 /* CustomTabBarItem.swift in Sources */,
				0DE6264C1EB115CD00FECDF4 /* ChatPresenter.swift in Sources */,
				3D1CC4241ECE371700EDD9B5 /* ItemContactsModel.swift in Sources */,
				3D1CC4301ECE509500EDD9B5 /* API_GEOCODER.swift in Sources */,
				3DAA3D821EAE870E00824AAB /* SetLocationMapController.swift in Sources */,
				0D7528611EB9DE08002919DD /* UserButtonsTableViewCell.swift in Sources */,
				0DE626501EB115EC00FECDF4 /* MapPresenter.swift in Sources */,
				3D1CC4191ECB968800EDD9B5 /* ItemDescriptionModel.swift in Sources */,
				3D1CC4101ECB894F00EDD9B5 /* ItemPresenter.swift in Sources */,
				0DD117651E9D66FD0010AD72 /* LostAndFound.xcdatamodeld in Sources */,
				3DF1FF631ED34B9E0014AEAF /* DialogViewController.swift in Sources */,
				3D1CC4221ECE344E00EDD9B5 /* ItemHeaderModel.swift in Sources */,
				0D2211A51EAF77130037E8F7 /* ModelsFactory.swift in Sources */,
				0DE626541EB115FB00FECDF4 /* MapOperation.swift in Sources */,
				3DAA3D801EABBB0800824AAB /* AddItemViewController.swift in Sources */,
				0DE626621EB1163600FECDF4 /* ChatManager.swift in Sources */,
				0D9BE7381EDDD69B00A12D41 /* UserHeader.swift in Sources */,
				3D1CC4151ECB944600EDD9B5 /* ItemPhotoCollectionModel.swift in Sources */,
				0DE6264E1EB115D800FECDF4 /* ChatOperation.swift in Sources */,
				3D1CC43D1ECF0D9E00EDD9B5 /* ChatModel.swift in Sources */,
				0DE6265E1EB1162800FECDF4 /* UserPresenter.swift in Sources */,
				0D7528661EC5A792002919DD /* OperationsManager.swift in Sources */,
				0D22119C1EAB65EC0037E8F7 /* View.swift in Sources */,
				0DE6265C1EB1162200FECDF4 /* UserManager.swift in Sources */,
				3D1CC4331ECE523100EDD9B5 /* SetLocationOperation.swift in Sources */,
				3D163A0D1EEB283A001B3285 /* LoginOperation.swift in Sources */,
				0D35F2F51EDF1183007FA968 /* CustomTabBar.swift in Sources */,
				0D22119E1EAB65F90037E8F7 /* DependencyInjector.swift in Sources */,
				0DE6265A1EB1161500FECDF4 /* AddManager.swift in Sources */,
				3D1CC41F1ECCFE4C00EDD9B5 /* ItemViewController.swift in Sources */,
				3DF13BCC1EBBEA1B00EF5EE7 /* SetLocationManager.swift in Sources */,
				0DE626601EB1162F00FECDF4 /* UserOperation.swift in Sources */,
				0DE626521EB115F400FECDF4 /* MapManager.swift in Sources */,
				3D7D84941EE0AD9D006EDBB2 /* LoginViewController.swift in Sources */,
				0DD117851E9E79A20010AD72 /* User.swift in Sources */,
				0DE6266A1EB1366800FECDF4 /* tableViewHeader.swift in Sources */,
				0D2211A21EAF74110037E8F7 /* ItemTableViewCell.swift in Sources */,
				3D1CC42B1ECE402500EDD9B5 /* ItemContactsTableViewCell.swift in Sources */,
				0D35F2F31EDF117A007FA968 /* CustomTabBarController.swift in Sources */,
				3D163A0F1EEB284A001B3285 /* LoginManager.swift in Sources */,
				0D9BE73C1EDDD6BC00A12D41 /* UserItem.swift in Sources */,
				0D7528591EB9DDED002919DD /* UserHeaderTableViewCell.swift in Sources */,
				0D35F2F91EDF1194007FA968 /* CustomTabAnimatedTransitioning.swift in Sources */,
				0DE6264A1EB115B800FECDF4 /* ChatViewController.swift in Sources */,
				0DD1175D1E9D66FD0010AD72 /* AppDelegate.swift in Sources */,
				3D1CC4271ECE3DD600EDD9B5 /* ItemHeaderTableViewCell.swift in Sources */,
			);
			runOnlyForDeploymentPostprocessing = 0;
		};
/* End PBXSourcesBuildPhase section */

/* Begin PBXVariantGroup section */
		0DD117601E9D66FD0010AD72 /* Main.storyboard */ = {
			isa = PBXVariantGroup;
			children = (
				0DD117611E9D66FD0010AD72 /* Base */,
			);
			name = Main.storyboard;
			sourceTree = "<group>";
		};
		0DD117681E9D66FD0010AD72 /* LaunchScreen.storyboard */ = {
			isa = PBXVariantGroup;
			children = (
				0DD117691E9D66FD0010AD72 /* Base */,
			);
			name = LaunchScreen.storyboard;
			sourceTree = "<group>";
		};
/* End PBXVariantGroup section */

/* Begin XCBuildConfiguration section */
		0DD1176C1E9D66FD0010AD72 /* Debug */ = {
			isa = XCBuildConfiguration;
			buildSettings = {
				ALWAYS_SEARCH_USER_PATHS = NO;
				CLANG_ANALYZER_NONNULL = YES;
				CLANG_CXX_LANGUAGE_STANDARD = "gnu++0x";
				CLANG_CXX_LIBRARY = "libc++";
				CLANG_ENABLE_MODULES = YES;
				CLANG_ENABLE_OBJC_ARC = YES;
				CLANG_WARN_BOOL_CONVERSION = YES;
				CLANG_WARN_CONSTANT_CONVERSION = YES;
				CLANG_WARN_DIRECT_OBJC_ISA_USAGE = YES_ERROR;
				CLANG_WARN_DOCUMENTATION_COMMENTS = YES;
				CLANG_WARN_EMPTY_BODY = YES;
				CLANG_WARN_ENUM_CONVERSION = YES;
				CLANG_WARN_INFINITE_RECURSION = YES;
				CLANG_WARN_INT_CONVERSION = YES;
				CLANG_WARN_OBJC_ROOT_CLASS = YES_ERROR;
				CLANG_WARN_SUSPICIOUS_MOVE = YES;
				CLANG_WARN_UNREACHABLE_CODE = YES;
				CLANG_WARN__DUPLICATE_METHOD_MATCH = YES;
				"CODE_SIGN_IDENTITY[sdk=iphoneos*]" = "iPhone Developer";
				COPY_PHASE_STRIP = NO;
				DEBUG_INFORMATION_FORMAT = dwarf;
				ENABLE_STRICT_OBJC_MSGSEND = YES;
				ENABLE_TESTABILITY = YES;
				GCC_C_LANGUAGE_STANDARD = gnu99;
				GCC_DYNAMIC_NO_PIC = NO;
				GCC_NO_COMMON_BLOCKS = YES;
				GCC_OPTIMIZATION_LEVEL = 0;
				GCC_PREPROCESSOR_DEFINITIONS = (
					"DEBUG=1",
					"$(inherited)",
				);
				GCC_WARN_64_TO_32_BIT_CONVERSION = YES;
				GCC_WARN_ABOUT_RETURN_TYPE = YES_ERROR;
				GCC_WARN_UNDECLARED_SELECTOR = YES;
				GCC_WARN_UNINITIALIZED_AUTOS = YES_AGGRESSIVE;
				GCC_WARN_UNUSED_FUNCTION = YES;
				GCC_WARN_UNUSED_VARIABLE = YES;
				IPHONEOS_DEPLOYMENT_TARGET = 10.2;
				MTL_ENABLE_DEBUG_INFO = YES;
				ONLY_ACTIVE_ARCH = YES;
				SDKROOT = iphoneos;
				SWIFT_ACTIVE_COMPILATION_CONDITIONS = DEBUG;
				SWIFT_OPTIMIZATION_LEVEL = "-Onone";
			};
			name = Debug;
		};
		0DD1176D1E9D66FD0010AD72 /* Release */ = {
			isa = XCBuildConfiguration;
			buildSettings = {
				ALWAYS_SEARCH_USER_PATHS = NO;
				CLANG_ANALYZER_NONNULL = YES;
				CLANG_CXX_LANGUAGE_STANDARD = "gnu++0x";
				CLANG_CXX_LIBRARY = "libc++";
				CLANG_ENABLE_MODULES = YES;
				CLANG_ENABLE_OBJC_ARC = YES;
				CLANG_WARN_BOOL_CONVERSION = YES;
				CLANG_WARN_CONSTANT_CONVERSION = YES;
				CLANG_WARN_DIRECT_OBJC_ISA_USAGE = YES_ERROR;
				CLANG_WARN_DOCUMENTATION_COMMENTS = YES;
				CLANG_WARN_EMPTY_BODY = YES;
				CLANG_WARN_ENUM_CONVERSION = YES;
				CLANG_WARN_INFINITE_RECURSION = YES;
				CLANG_WARN_INT_CONVERSION = YES;
				CLANG_WARN_OBJC_ROOT_CLASS = YES_ERROR;
				CLANG_WARN_SUSPICIOUS_MOVE = YES;
				CLANG_WARN_UNREACHABLE_CODE = YES;
				CLANG_WARN__DUPLICATE_METHOD_MATCH = YES;
				"CODE_SIGN_IDENTITY[sdk=iphoneos*]" = "iPhone Developer";
				COPY_PHASE_STRIP = NO;
				DEBUG_INFORMATION_FORMAT = "dwarf-with-dsym";
				ENABLE_NS_ASSERTIONS = NO;
				ENABLE_STRICT_OBJC_MSGSEND = YES;
				GCC_C_LANGUAGE_STANDARD = gnu99;
				GCC_NO_COMMON_BLOCKS = YES;
				GCC_WARN_64_TO_32_BIT_CONVERSION = YES;
				GCC_WARN_ABOUT_RETURN_TYPE = YES_ERROR;
				GCC_WARN_UNDECLARED_SELECTOR = YES;
				GCC_WARN_UNINITIALIZED_AUTOS = YES_AGGRESSIVE;
				GCC_WARN_UNUSED_FUNCTION = YES;
				GCC_WARN_UNUSED_VARIABLE = YES;
				IPHONEOS_DEPLOYMENT_TARGET = 10.2;
				MTL_ENABLE_DEBUG_INFO = NO;
				SDKROOT = iphoneos;
				SWIFT_OPTIMIZATION_LEVEL = "-Owholemodule";
				VALIDATE_PRODUCT = YES;
			};
			name = Release;
		};
		0DD1176F1E9D66FD0010AD72 /* Debug */ = {
			isa = XCBuildConfiguration;
			baseConfigurationReference = 437909965923B821F6FCCE68 /* Pods-LostAndFound.debug.xcconfig */;
			buildSettings = {
				ALWAYS_EMBED_SWIFT_STANDARD_LIBRARIES = YES;
				ASSETCATALOG_COMPILER_APPICON_NAME = AppIcon;
				CODE_SIGN_ENTITLEMENTS = LostAndFound/LostAndFound.entitlements;
				"CODE_SIGN_IDENTITY[sdk=iphoneos*]" = "iPhone Developer";
				DEVELOPMENT_TEAM = WP92F9M5L5;
				INFOPLIST_FILE = LostAndFound/Info.plist;
				IPHONEOS_DEPLOYMENT_TARGET = 9.3;
				LD_RUNPATH_SEARCH_PATHS = "$(inherited) @executable_path/Frameworks";
				PRODUCT_BUNDLE_IDENTIFIER = berkutiv.LostAndFound;
				PRODUCT_NAME = "$(TARGET_NAME)";
				SWIFT_VERSION = 3.0;
			};
			name = Debug;
		};
		0DD117701E9D66FD0010AD72 /* Release */ = {
			isa = XCBuildConfiguration;
			baseConfigurationReference = A9623B7E562E5B1BBDA43167 /* Pods-LostAndFound.release.xcconfig */;
			buildSettings = {
				ALWAYS_EMBED_SWIFT_STANDARD_LIBRARIES = YES;
				ASSETCATALOG_COMPILER_APPICON_NAME = AppIcon;
				CODE_SIGN_ENTITLEMENTS = LostAndFound/LostAndFound.entitlements;
				"CODE_SIGN_IDENTITY[sdk=iphoneos*]" = "iPhone Developer";
				DEVELOPMENT_TEAM = WP92F9M5L5;
				INFOPLIST_FILE = LostAndFound/Info.plist;
				IPHONEOS_DEPLOYMENT_TARGET = 9.3;
				LD_RUNPATH_SEARCH_PATHS = "$(inherited) @executable_path/Frameworks";
				PRODUCT_BUNDLE_IDENTIFIER = berkutiv.LostAndFound;
				PRODUCT_NAME = "$(TARGET_NAME)";
				SWIFT_VERSION = 3.0;
			};
			name = Release;
		};
/* End XCBuildConfiguration section */

/* Begin XCConfigurationList section */
		0DD117541E9D66FD0010AD72 /* Build configuration list for PBXProject "LostAndFound" */ = {
			isa = XCConfigurationList;
			buildConfigurations = (
				0DD1176C1E9D66FD0010AD72 /* Debug */,
				0DD1176D1E9D66FD0010AD72 /* Release */,
			);
			defaultConfigurationIsVisible = 0;
			defaultConfigurationName = Release;
		};
		0DD1176E1E9D66FD0010AD72 /* Build configuration list for PBXNativeTarget "LostAndFound" */ = {
			isa = XCConfigurationList;
			buildConfigurations = (
				0DD1176F1E9D66FD0010AD72 /* Debug */,
				0DD117701E9D66FD0010AD72 /* Release */,
			);
			defaultConfigurationIsVisible = 0;
			defaultConfigurationName = Release;
		};
/* End XCConfigurationList section */

/* Begin XCVersionGroup section */
		0DD117631E9D66FD0010AD72 /* LostAndFound.xcdatamodeld */ = {
			isa = XCVersionGroup;
			children = (
				0DD117641E9D66FD0010AD72 /* LostAndFound.xcdatamodel */,
			);
			currentVersion = 0DD117641E9D66FD0010AD72 /* LostAndFound.xcdatamodel */;
			path = LostAndFound.xcdatamodeld;
			sourceTree = "<group>";
			versionGroupType = wrapper.xcdatamodel;
		};
/* End XCVersionGroup section */
	};
	rootObject = 0DD117511E9D66FD0010AD72 /* Project object */;
}
